
Microsoft Visual Studio Solution File, Format Version 12.00
# Visual Studio Version 16
VisualStudioVersion = 16.0.30406.217
MinimumVisualStudioVersion = 10.0.40219.1
Project("{FAE04EC0-301F-11D3-BF4B-00C04F79EFBC}") = "XiangJiang.Configuration.File", "XiangJiang.Configuration.File\XiangJiang.Configuration.File.csproj", "{17981251-23BE-44AF-9F79-84EC9E1AD738}"
EndProject
Project("{FAE04EC0-301F-11D3-BF4B-00C04F79EFBC}") = "XiangJiang.Configuration.FileTests", "XiangJiang.Configuration.FileTests\XiangJiang.Configuration.FileTests.csproj", "{B6040DDF-6367-4E14-849D-1C3BA45AAB98}"
EndProject
Global
	GlobalSection(SolutionConfigurationPlatforms) = preSolution
		Debug|Any CPU = Debug|Any CPU
		Release|Any CPU = Release|Any CPU
	EndGlobalSection
	GlobalSection(ProjectConfigurationPlatforms) = postSolution
		{17981251-23BE-44AF-9F79-84EC9E1AD738}.Debug|Any CPU.ActiveCfg = Debug|Any CPU
		{17981251-23BE-44AF-9F79-84EC9E1AD738}.Debug|Any CPU.Build.0 = Debug|Any CPU
		{17981251-23BE-44AF-9F79-84EC9E1AD738}.Release|Any CPU.ActiveCfg = Release|Any CPU
		{17981251-23BE-44AF-9F79-84EC9E1AD738}.Release|Any CPU.Build.0 = Release|Any CPU
		{B6040DDF-6367-4E14-849D-1C3BA45AAB98}.Debug|Any CPU.ActiveCfg = Debug|Any CPU
		{B6040DDF-6367-4E14-849D-1C3BA45AAB98}.Debug|Any CPU.Build.0 = Debug|Any CPU
		{B6040DDF-6367-4E14-849D-1C3BA45AAB98}.Release|Any CPU.ActiveCfg = Release|Any CPU
		{B6040DDF-6367-4E14-849D-1C3BA45AAB98}.Release|Any CPU.Build.0 = Release|Any CPU
	EndGlobalSection
	GlobalSection(SolutionProperties) = preSolution
		HideSolutionNode = FALSE
	EndGlobalSection
	GlobalSection(ExtensibilityGlobals) = postSolution
		SolutionGuid = {1818E4C9-303A-441F-BCA2-9B987A1036BA}
	EndGlobalSection
EndGlobal
